
Microsoft Visual Studio Solution File, Format Version 12.00
# Visual Studio Version 17
VisualStudioVersion = 17.4.33205.214
MinimumVisualStudioVersion = 10.0.40219.1
Project("{FAE04EC0-301F-11D3-BF4B-00C04F79EFBC}") = "MachineLearning", "MachineLearning\MachineLearning.csproj", "{F6C49CA0-10C0-4EB8-86A3-976FCCAF0225}"
EndProject
Global
	GlobalSection(SolutionConfigurationPlatforms) = preSolution
		Debug|Any CPU = Debug|Any CPU
		Release|Any CPU = Release|Any CPU
	EndGlobalSection
	GlobalSection(ProjectConfigurationPlatforms) = postSolution
		{F6C49CA0-10C0-4EB8-86A3-976FCCAF0225}.Debug|Any CPU.ActiveCfg = Debug|Any CPU
		{F6C49CA0-10C0-4EB8-86A3-976FCCAF0225}.Debug|Any CPU.Build.0 = Debug|Any CPU
		{F6C49CA0-10C0-4EB8-86A3-976FCCAF0225}.Release|Any CPU.ActiveCfg = Release|Any CPU
		{F6C49CA0-10C0-4EB8-86A3-976FCCAF0225}.Release|Any CPU.Build.0 = Release|Any CPU
	EndGlobalSection
	GlobalSection(SolutionProperties) = preSolution
		HideSolutionNode = FALSE
	EndGlobalSection
	GlobalSection(ExtensibilityGlobals) = postSolution
		SolutionGuid = {0BD65F07-C0D0-4AA1-BE34-6C4981E000AB}
	EndGlobalSection
EndGlobal
